
Microsoft Visual Studio Solution File, Format Version 12.00
# Visual Studio Version 17
VisualStudioVersion = 17.6.33723.286
MinimumVisualStudioVersion = 10.0.40219.1
Project("{FAE04EC0-301F-11D3-BF4B-00C04F79EFBC}") = "karas", "karas\karas.csproj", "{09DB593D-9547-4936-AF05-5D2BE04BC74F}"
EndProject
Global
	GlobalSection(SolutionConfigurationPlatforms) = preSolution
		Debug|Any CPU = Debug|Any CPU
		Release|Any CPU = Release|Any CPU
	EndGlobalSection
	GlobalSection(ProjectConfigurationPlatforms) = postSolution
		{09DB593D-9547-4936-AF05-5D2BE04BC74F}.Debug|Any CPU.ActiveCfg = Debug|Any CPU
		{09DB593D-9547-4936-AF05-5D2BE04BC74F}.Debug|Any CPU.Build.0 = Debug|Any CPU
		{09DB593D-9547-4936-AF05-5D2BE04BC74F}.Release|Any CPU.ActiveCfg = Release|Any CPU
		{09DB593D-9547-4936-AF05-5D2BE04BC74F}.Release|Any CPU.Build.0 = Release|Any CPU
	EndGlobalSection
	GlobalSection(SolutionProperties) = preSolution
		HideSolutionNode = FALSE
	EndGlobalSection
	GlobalSection(ExtensibilityGlobals) = postSolution
		SolutionGuid = {0B55BD8A-87F1-4143-A12D-0BA3BB49EE9B}
	EndGlobalSection
EndGlobal
